lockfileVersion: '9.0'

settings:
  autoInstallPeers: true
  excludeLinksFromLockfile: false

importers:

  .:
    dependencies:
      sst:
        specifier: ^3.9.10
        version: 3.9.10
    devDependencies:
      '@types/aws-lambda':
        specifier: ^8.10.147
        version: 8.10.147
      '@types/node':
        specifier: ^20.17.19
        version: 20.17.19
      typescript:
        specifier: ^5.7.3
        version: 5.7.3

packages:

  '@types/aws-lambda@8.10.147':
    resolution: {integrity: sha512-nD0Z9fNIZcxYX5Mai2CTmFD7wX7UldCkW2ezCF8D1T5hdiLsnTWDGRpfRYntU6VjTdLQjOvyszru7I1c1oCQew==}

  '@types/node@20.17.19':
    resolution: {integrity: sha512-LEwC7o1ifqg/6r2gn9Dns0f1rhK+fPFDoMiceTJ6kWmVk6bgXBI/9IOWfVan4WiAavK9pIVWdX0/e3J+eEUh5A==}

  aws4fetch@1.0.20:
    resolution: {integrity: sha512-/djoAN709iY65ETD6LKCtyyEI04XIBP5xVvfmNxsEP0uJB5tyaGBztSryRr4HqMStr9R06PisQE7m9zDTXKu6g==}

  jose@4.15.9:
    resolution: {integrity: sha512-1vUQX+IdDMVPj4k8kOxgUqlcK518yluMuGZwqlr44FS1ppZB/5GWh4rZG89erpOBOJjU/OBsnCVFfapsRz6nEA==}

  jose@5.2.3:
    resolution: {integrity: sha512-KUXdbctm1uHVL8BYhnyHkgp3zDX5KW8ZhAKVFEfUbU2P8Alpzjb+48hHvjOdQIyPshoblhzsuqOwEEAbtHVirA==}

  lru-cache@6.0.0:
    resolution: {integrity: sha512-Jo6dJ04CmSjuznwJSS3pUeWmd/H0ffTlkXXgwZi+eq1UCmqQwCh+eLsYOYCwY991i2Fah4h1BEMCx4qThGbsiA==}
    engines: {node: '>=10'}

  object-hash@2.2.0:
    resolution: {integrity: sha512-gScRMn0bS5fH+IuwyIFgnh9zBdo4DV+6GhygmWM9HyNJSgS0hScp1f5vjtm7oIIOiT9trXrShAkLFSc2IqKNgw==}
    engines: {node: '>= 6'}

  oidc-token-hash@5.1.0:
    resolution: {integrity: sha512-y0W+X7Ppo7oZX6eovsRkuzcSM40Bicg2JEJkDJ4irIt1wsYAP5MLSNv+QAogO8xivMffw/9OvV3um1pxXgt1uA==}
    engines: {node: ^10.13.0 || >=12.0.0}

  openid-client@5.6.4:
    resolution: {integrity: sha512-T1h3B10BRPKfcObdBklX639tVz+xh34O7GjofqrqiAQdm7eHsQ00ih18x6wuJ/E6FxdtS2u3FmUGPDeEcMwzNA==}

  sst-darwin-arm64@3.9.10:
    resolution: {integrity: sha512-X+fLAd7SbX+Al17NqAijFUke1ZkD5/l/Go8+vjxKWhDc2QvzmZu9Yk9csK4K7Y7iYt6F0RnjW5bFhBMlq6/P2g==}
    cpu: [arm64]
    os: [darwin]

  sst-darwin-x64@3.9.10:
    resolution: {integrity: sha512-hSJTjgsS5b70Jld+N2dmgFOej5oQYOsoFWvawuuqEFg2lirQOvczy+KKGlv+99ceAyONIRksCiOFu3gY3OOsbQ==}
    cpu: [x64]
    os: [darwin]

  sst-linux-arm64@3.9.10:
    resolution: {integrity: sha512-CzwlaVbxNf3j9OU42MuvupcAfx+cQcJJBi4GU0aF738/nasOoGN+2Nz3+F4zYuAWqxRyIc6gjRs69X5Qx9k/0A==}
    cpu: [arm64]
    os: [linux]

  sst-linux-x64@3.9.10:
    resolution: {integrity: sha512-4M6Jt7t6eUDFLjXfVcJhksDyNI1R6DYCG8p1ELl4Eu9QIEFrXBncUssY3UdIkjzOXBOUubmp1W7XkLYELs0DKw==}
    cpu: [x64]
    os: [linux]

  sst-linux-x86@3.9.10:
    resolution: {integrity: sha512-6KTIbnndKHH8UrpbuSHuOgLRDMbr8tkjoboa+O6Z68JDjNSIf+Qnkw92n6nROA4io+yPmcACtH5AfOK3oe0WhQ==}
    cpu: [x86]
    os: [linux]

  sst@3.9.10:
    resolution: {integrity: sha512-+BH2p6T12+kvPR5DbXZGtYPQfscXHmZ0NgMUIvfXIZxr8dhh9pcHv8Dzm4YEguJ5ZTudRTgkkQX0y3qJZPnBNA==}
    hasBin: true

  typescript@5.7.3:
    resolution: {integrity: sha512-84MVSjMEHP+FQRPy3pX9sTVV/INIex71s9TL2Gm5FG/WG1SqXeKyZ0k7/blY/4FdOzI12CBy1vGc4og/eus0fw==}
    engines: {node: '>=14.17'}
    hasBin: true

  undici-types@6.19.8:
    resolution: {integrity: sha512-ve2KP6f/JnbPBFyobGHuerC9g1FYGn/F8n1LWTwNxCEzd6IfqTwUQcNXgEtmmQ6DlRrC1hrSrBnCZPokRrDHjw==}

  yallist@4.0.0:
    resolution: {integrity: sha512-3wdGidZyq5PB084XLES5TpOSRA3wjXAlIWMhum2kRcv/41Sn2emQ0dycQW4uZXLejwKvg6EsvbdlVL+FYEct7A==}

snapshots:

  '@types/aws-lambda@8.10.147': {}

  '@types/node@20.17.19':
    dependencies:
      undici-types: 6.19.8

  aws4fetch@1.0.20: {}

  jose@4.15.9: {}

  jose@5.2.3: {}

  lru-cache@6.0.0:
    dependencies:
      yallist: 4.0.0

  object-hash@2.2.0: {}

  oidc-token-hash@5.1.0: {}

  openid-client@5.6.4:
    dependencies:
      jose: 4.15.9
      lru-cache: 6.0.0
      object-hash: 2.2.0
      oidc-token-hash: 5.1.0

  sst-darwin-arm64@3.9.10:
    optional: true

  sst-darwin-x64@3.9.10:
    optional: true

  sst-linux-arm64@3.9.10:
    optional: true

  sst-linux-x64@3.9.10:
    optional: true

  sst-linux-x86@3.9.10:
    optional: true

  sst@3.9.10:
    dependencies:
      aws4fetch: 1.0.20
      jose: 5.2.3
      openid-client: 5.6.4
    optionalDependencies:
      sst-darwin-arm64: 3.9.10
      sst-darwin-x64: 3.9.10
      sst-linux-arm64: 3.9.10
      sst-linux-x64: 3.9.10
      sst-linux-x86: 3.9.10

  typescript@5.7.3: {}

  undici-types@6.19.8: {}

  yallist@4.0.0: {}
