lockfileVersion: '9.0'

settings:
  autoInstallPeers: true
  excludeLinksFromLockfile: false

importers:

  .:
    dependencies:
      sst:
        specifier: ^3.5.5
        version: 3.5.5
    devDependencies:
      '@types/aws-lambda':
        specifier: ^8.10.147
        version: 8.10.147
      '@types/node':
        specifier: ^20.17.12
        version: 20.17.12
      typescript:
        specifier: ^5.7.3
        version: 5.7.3

packages:

  '@types/aws-lambda@8.10.147':
    resolution: {integrity: sha512-nD0Z9fNIZcxYX5Mai2CTmFD7wX7UldCkW2ezCF8D1T5hdiLsnTWDGRpfRYntU6VjTdLQjOvyszru7I1c1oCQew==}

  '@types/node@20.17.12':
    resolution: {integrity: sha512-vo/wmBgMIiEA23A/knMfn/cf37VnuF52nZh5ZoW0GWt4e4sxNquibrMRJ7UQsA06+MBx9r/H1jsI9grYjQCQlw==}

  aws4fetch@1.0.20:
    resolution: {integrity: sha512-/djoAN709iY65ETD6LKCtyyEI04XIBP5xVvfmNxsEP0uJB5tyaGBztSryRr4HqMStr9R06PisQE7m9zDTXKu6g==}

  jose@4.15.9:
    resolution: {integrity: sha512-1vUQX+IdDMVPj4k8kOxgUqlcK518yluMuGZwqlr44FS1ppZB/5GWh4rZG89erpOBOJjU/OBsnCVFfapsRz6nEA==}

  jose@5.2.3:
    resolution: {integrity: sha512-KUXdbctm1uHVL8BYhnyHkgp3zDX5KW8ZhAKVFEfUbU2P8Alpzjb+48hHvjOdQIyPshoblhzsuqOwEEAbtHVirA==}

  lru-cache@6.0.0:
    resolution: {integrity: sha512-Jo6dJ04CmSjuznwJSS3pUeWmd/H0ffTlkXXgwZi+eq1UCmqQwCh+eLsYOYCwY991i2Fah4h1BEMCx4qThGbsiA==}
    engines: {node: '>=10'}

  object-hash@2.2.0:
    resolution: {integrity: sha512-gScRMn0bS5fH+IuwyIFgnh9zBdo4DV+6GhygmWM9HyNJSgS0hScp1f5vjtm7oIIOiT9trXrShAkLFSc2IqKNgw==}
    engines: {node: '>= 6'}

  oidc-token-hash@5.0.3:
    resolution: {integrity: sha512-IF4PcGgzAr6XXSff26Sk/+P4KZFJVuHAJZj3wgO3vX2bMdNVp/QXTP3P7CEm9V1IdG8lDLY3HhiqpsE/nOwpPw==}
    engines: {node: ^10.13.0 || >=12.0.0}

  openid-client@5.6.4:
    resolution: {integrity: sha512-T1h3B10BRPKfcObdBklX639tVz+xh34O7GjofqrqiAQdm7eHsQ00ih18x6wuJ/E6FxdtS2u3FmUGPDeEcMwzNA==}

  sst-darwin-arm64@3.5.5:
    resolution: {integrity: sha512-pmSXas8LhJ5GT4pYvCp6T0tpIUnfmuWYE5bLlatLzj3OBJVYlFj/hkNzmGnmFuV5w3awhcoN145dAKRdcvFcCQ==}
    cpu: [arm64]
    os: [darwin]

  sst-darwin-x64@3.5.5:
    resolution: {integrity: sha512-83EI6DoZX0xX+Kx4esQU+foxszmoVcbe5P/kUC9YgLELsPy3lxOwujDFi2kQlS5zKm+CMsOYLgOm1+ALvwMvOA==}
    cpu: [x64]
    os: [darwin]

  sst-linux-arm64@3.5.5:
    resolution: {integrity: sha512-JwkwGiQJQ8Iww4ARSJUNrdFnunUq0LIAQKgQMocQzPVqFXDSwkDG8W/RL951dltnK6F+zgNCSTwJNZXkf5QJRg==}
    cpu: [arm64]
    os: [linux]

  sst-linux-x64@3.5.5:
    resolution: {integrity: sha512-CV6hgVZnTsUkRjRTJ4vXf0n/A2Y5v/qW+lwvD0eSnn5H7A5Ec6cKFpCMiyY1Hd4gFLrpYbIKimLJzZJeke+R2g==}
    cpu: [x64]
    os: [linux]

  sst-linux-x86@3.5.5:
    resolution: {integrity: sha512-yQ7hr8r4rYHYn1qgzy5QWEWd7/AYEOwEYn6OKRtlLlSnWKg4dzPI7/35GXdizx466Uv1gQCs7A044kTnKmXavQ==}
    cpu: [x86]
    os: [linux]

  sst@3.5.5:
    resolution: {integrity: sha512-oqQl01JRFZ8aL6ArTypYdfAPLN5q7ml2FkBgtnqlCkUAhbln2DdpmL8hMkktUNdfd6xtrf1cAvfYj8okMaFQVQ==}
    hasBin: true

  typescript@5.7.3:
    resolution: {integrity: sha512-84MVSjMEHP+FQRPy3pX9sTVV/INIex71s9TL2Gm5FG/WG1SqXeKyZ0k7/blY/4FdOzI12CBy1vGc4og/eus0fw==}
    engines: {node: '>=14.17'}
    hasBin: true

  undici-types@6.19.8:
    resolution: {integrity: sha512-ve2KP6f/JnbPBFyobGHuerC9g1FYGn/F8n1LWTwNxCEzd6IfqTwUQcNXgEtmmQ6DlRrC1hrSrBnCZPokRrDHjw==}

  yallist@4.0.0:
    resolution: {integrity: sha512-3wdGidZyq5PB084XLES5TpOSRA3wjXAlIWMhum2kRcv/41Sn2emQ0dycQW4uZXLejwKvg6EsvbdlVL+FYEct7A==}

snapshots:

  '@types/aws-lambda@8.10.147': {}

  '@types/node@20.17.12':
    dependencies:
      undici-types: 6.19.8

  aws4fetch@1.0.20: {}

  jose@4.15.9: {}

  jose@5.2.3: {}

  lru-cache@6.0.0:
    dependencies:
      yallist: 4.0.0

  object-hash@2.2.0: {}

  oidc-token-hash@5.0.3: {}

  openid-client@5.6.4:
    dependencies:
      jose: 4.15.9
      lru-cache: 6.0.0
      object-hash: 2.2.0
      oidc-token-hash: 5.0.3

  sst-darwin-arm64@3.5.5:
    optional: true

  sst-darwin-x64@3.5.5:
    optional: true

  sst-linux-arm64@3.5.5:
    optional: true

  sst-linux-x64@3.5.5:
    optional: true

  sst-linux-x86@3.5.5:
    optional: true

  sst@3.5.5:
    dependencies:
      aws4fetch: 1.0.20
      jose: 5.2.3
      openid-client: 5.6.4
    optionalDependencies:
      sst-darwin-arm64: 3.5.5
      sst-darwin-x64: 3.5.5
      sst-linux-arm64: 3.5.5
      sst-linux-x64: 3.5.5
      sst-linux-x86: 3.5.5

  typescript@5.7.3: {}

  undici-types@6.19.8: {}

  yallist@4.0.0: {}
